<?xml version="1.0" encoding="UTF-8" standalone="yes" ?>
<CodeBlocks_project_file>
	<FileVersion major="1" minor="6" />
	<Project>
		<Option title="gui" />
		<Option pch_mode="2" />
		<Option compiler="gcc" />
		<Build>
			<Target title="Debug">
				<Option output="bin/Debug/gui" prefix_auto="1" extension_auto="1" />
				<Option working_dir="" />
				<Option object_output="obj/Debug/" />
				<Option type="2" />
				<Option compiler="gcc" />
				<Option createDefFile="1" />
				<Compiler>
					<Add option="-Wall" />
					<Add option="-g" />
					<Add option="-DSFML_STATIC" />
					<Add directory="include" />
				</Compiler>
				<Linker>
					<Add library="sfml-audio-s-d" />
					<Add library="sfml-graphics-s-d" />
					<Add library="sfml-windows-s-d" />
					<Add library="sfml-system-s-d" />
				</Linker>
			</Target>
			<Target title="Release">
				<Option output="bin/Release/gui" prefix_auto="1" extension_auto="1" />
				<Option working_dir="" />
				<Option object_output="obj/Release/" />
				<Option type="2" />
				<Option compiler="gcc" />
				<Option createDefFile="1" />
				<Compiler>
					<Add option="-O2" />
					<Add option="-Wall" />
					<Add option="-DSFML_STATIC" />
					<Add directory="include" />
				</Compiler>
				<Linker>
					<Add option="-s" />
					<Add library="sfml-audio-s" />
					<Add library="sfml-graphics-s" />
					<Add library="sfml-windows-s" />
					<Add library="sfml-system-s" />
				</Linker>
			</Target>
		</Build>
		<Compiler>
			<Add option="-std=c++11" />
			<Add directory="F:/Bibliotheques CPP/SFML-2.1/include" />
			<Add directory="R:/06 - C++/110 - GUI/code/gui/include" />
			<Add directory="include/gadgets" />
		</Compiler>
		<Linker>
			<Add directory="F:/Bibliotheques CPP/SFML-2.1/lib" />
			<Add directory="R:/06 - C++/110 - GUI/code/gui/src" />
			<Add directory="src/gadgets" />
		</Linker>
		<Unit filename="gui.cpp" />
		<Unit filename="gui.h" />
		<Unit filename="include/ActionClavier.h" />
		<Unit filename="include/ActionEvenement.h" />
		<Unit filename="include/Affiche.h" />
		<Unit filename="include/Bouton.h" />
		<Unit filename="include/Composant.h" />
		<Unit filename="include/Composite.h" />
		<Unit filename="include/Donnee.h" />
		<Unit filename="include/Enums.h" />
		<Unit filename="include/FabriqueBase.h" />
		<Unit filename="include/Gadget.h" />
		<Unit filename="include/Geometrie.h" />
		<Unit filename="include/Groupement.h" />
		<Unit filename="include/Interface.h" />
		<Unit filename="include/ResourcesMgr.h" />
		<Unit filename="include/ResourcesMgr.inl" />
		<Unit filename="include/Skin.h" />
		<Unit filename="include/Style.h" />
		<Unit filename="include/gadgets/AffIcone.h" />
		<Unit filename="include/gadgets/AffImage.h" />
		<Unit filename="include/gadgets/AffLabel.h" />
		<Unit filename="include/gadgets/AffRectangle.h" />
		<Unit filename="include/gadgets/BtnIcone.h" />
		<Unit filename="include/gadgets/BtnMenu.h" />
		<Unit filename="include/gadgets/BtnRectangle.h" />
		<Unit filename="include/gadgets/BtnTexte.h" />
		<Unit filename="include/gadgets/DnBarreDefilement.h" />
		<Unit filename="include/gadgets/DnCaseACocher.h" />
		<Unit filename="include/gadgets/DnSlider.h" />
		<Unit filename="include/gadgets/DnZoneTexte.h" />
		<Unit filename="include/gadgets/GrpPanneauSimple.h" />
		<Unit filename="include/gadgets/GrpPanneauSliders.h" />
		<Unit filename="include/repartiteurs/Repartiteur.h" />
		<Unit filename="include/repartiteurs/RepartiteurGrille.h" />
		<Unit filename="include/repartiteurs/RepartiteurHorizontal.h" />
		<Unit filename="include/repartiteurs/RepartiteurLibre.h" />
		<Unit filename="include/repartiteurs/RepartiteurVerticale.h" />
		<Unit filename="media/img/nuage.jpg" />
		<Unit filename="media/polices/arial.ttf" />
		<Unit filename="media/polices/bgothl.ttf" />
		<Unit filename="media/polices/consola.ttf" />
		<Unit filename="media/polices/consolab.ttf" />
		<Unit filename="media/polices/consolai.ttf" />
		<Unit filename="media/polices/consolaz.ttf" />
		<Unit filename="media/polices/webdings.ttf" />
		<Unit filename="media/polices/wingding.ttf" />
		<Unit filename="src/ActionClavier.cpp" />
		<Unit filename="src/ActionEvenement.cpp" />
		<Unit filename="src/Affiche.cpp" />
		<Unit filename="src/Bouton.cpp" />
		<Unit filename="src/Composant.cpp" />
		<Unit filename="src/Composite.cpp" />
		<Unit filename="src/Donnee.cpp" />
		<Unit filename="src/FabriqueBase.cpp" />
		<Unit filename="src/Gadget.cpp" />
		<Unit filename="src/Geometrie.cpp" />
		<Unit filename="src/Groupement.cpp" />
		<Unit filename="src/Interface.cpp" />
		<Unit filename="src/Skin.cpp" />
		<Unit filename="src/Style.cpp" />
		<Unit filename="src/gadgets/AffIcone.cpp" />
		<Unit filename="src/gadgets/AffImage.cpp" />
		<Unit filename="src/gadgets/AffLabel.cpp" />
		<Unit filename="src/gadgets/AffRectangle.cpp" />
		<Unit filename="src/gadgets/BtnIcone.cpp" />
		<Unit filename="src/gadgets/BtnMenu.cpp" />
		<Unit filename="src/gadgets/BtnRectangle.cpp" />
		<Unit filename="src/gadgets/BtnTexte.cpp" />
		<Unit filename="src/gadgets/DnBarreDefilement.cpp" />
		<Unit filename="src/gadgets/DnCaseACocher.cpp" />
		<Unit filename="src/gadgets/DnSlider.cpp" />
		<Unit filename="src/gadgets/DnZoneTexte.cpp" />
		<Unit filename="src/gadgets/GrpPanneauSimple.cpp" />
		<Unit filename="src/gadgets/GrpPanneauSliders.cpp" />
		<Unit filename="src/repartiteurs/Repartiteur.cpp" />
		<Unit filename="src/repartiteurs/RepartiteurGrille.cpp" />
		<Unit filename="src/repartiteurs/RepartiteurHorizontal.cpp" />
		<Unit filename="src/repartiteurs/RepartiteurLibre.cpp" />
		<Unit filename="src/repartiteurs/RepartiteurVerticale.cpp" />
		<Extensions>
			<code_completion />
			<envvars />
			<debugger />
		</Extensions>
	</Project>
</CodeBlocks_project_file>
