<?xml version="1.0" encoding="UTF-8" standalone="yes" ?>
<CodeBlocks_project_file>
	<FileVersion major="1" minor="6" />
	<Project>
		<Option title="gui" />
		<Option pch_mode="2" />
		<Option compiler="gcc" />
		<Build>
			<Target title="Debug">
				<Option output="bin/Debug/gui" prefix_auto="1" extension_auto="1" />
				<Option working_dir="" />
				<Option object_output="obj/Debug/" />
				<Option type="2" />
				<Option compiler="gcc" />
				<Option createDefFile="1" />
				<Compiler>
					<Add option="-Wall" />
					<Add option="-g" />
					<Add option="-DSFML_STATIC" />
					<Add directory="include" />
					<Add directory="include/gadget" />
					<Add directory="include/gadgets" />
					<Add directory="include/composants" />
				</Compiler>
				<Linker>
					<Add library="sfml-audio-s-d" />
					<Add library="sfml-graphics-s-d" />
					<Add library="sfml-windows-s-d" />
					<Add library="sfml-system-s-d" />
				</Linker>
			</Target>
			<Target title="Release">
				<Option output="bin/Release/gui" prefix_auto="1" extension_auto="1" />
				<Option working_dir="" />
				<Option object_output="obj/Release/" />
				<Option type="2" />
				<Option compiler="gcc" />
				<Option createDefFile="1" />
				<Compiler>
					<Add option="-O2" />
					<Add option="-Wall" />
					<Add option="-DSFML_STATIC" />
					<Add directory="include" />
					<Add directory="include/gadget" />
					<Add directory="include/gadgets" />
					<Add directory="include/composants" />
				</Compiler>
				<Linker>
					<Add option="-s" />
					<Add library="sfml-audio-s" />
					<Add library="sfml-graphics-s" />
					<Add library="sfml-windows-s" />
					<Add library="sfml-system-s" />
				</Linker>
			</Target>
		</Build>
		<Compiler>
			<Add option="-std=c++11" />
			<Add directory="F:/Bibliotheques CPP/SFML-2.1/include" />
			<Add directory="R:/06 - C++/110 - GUI/code/gui/include" />
			<Add directory="include/gadgets" />
		</Compiler>
		<Linker>
			<Add directory="F:/Bibliotheques CPP/SFML-2.1/lib" />
			<Add directory="R:/06 - C++/110 - GUI/code/gui/src" />
			<Add directory="src/gadgets" />
		</Linker>
		<Unit filename="GUI.h" />
		<Unit filename="Patch.h" />
		<Unit filename="gui.cpp" />
		<Unit filename="include/ActionClavier.h" />
		<Unit filename="include/ActionEvenement.h" />
		<Unit filename="include/Composition.h" />
		<Unit filename="include/Enums.h" />
		<Unit filename="include/FabriqueBase.h" />
		<Unit filename="include/Filiation.h" />
		<Unit filename="include/Gadget.h" />
		<Unit filename="include/Geometrie.h" />
		<Unit filename="include/Interface.h" />
		<Unit filename="include/Log.h" />
		<Unit filename="include/ResourcesMgr.h" />
		<Unit filename="include/ResourcesMgr.inl" />
		<Unit filename="include/Valeurs.h" />
		<Unit filename="include/gadgets/AffIcone.h" />
		<Unit filename="include/gadgets/AffImage.h" />
		<Unit filename="include/gadgets/AffLabel.h" />
		<Unit filename="include/gadgets/AffRectangle.h" />
		<Unit filename="include/gadgets/BtnBarreFonctions.h" />
		<Unit filename="include/gadgets/BtnIcone.h" />
		<Unit filename="include/gadgets/BtnRectangle.h" />
		<Unit filename="include/gadgets/BtnTexte.h" />
		<Unit filename="include/gadgets/DnCaseACocher.h" />
		<Unit filename="include/gadgets/DnGlissere.h" />
		<Unit filename="include/gadgets/DnZoneNum.h" />
		<Unit filename="include/gadgets/DnZoneTexte.h" />
		<Unit filename="include/gadgets/Fenetre.h" />
		<Unit filename="include/gadgets/LstDeroulante.h" />
		<Unit filename="include/gadgets/LstSimple.h" />
		<Unit filename="include/gadgets/decorations/FenDecoDrag.h" />
		<Unit filename="include/gadgets/decorations/FenDecoRedim.h" />
		<Unit filename="include/gadgets/decorations/FenDecoRedimPanneau.h" />
		<Unit filename="include/gadgets/decorations/FenDecoration.h" />
		<Unit filename="include/gadgets_interfaces/Affiche.h" />
		<Unit filename="include/gadgets_interfaces/Bouton.h" />
		<Unit filename="include/gadgets_interfaces/Calque.h" />
		<Unit filename="include/gadgets_interfaces/Contenant.h" />
		<Unit filename="include/gadgets_interfaces/Donnee.h" />
		<Unit filename="include/gadgets_interfaces/Groupe.h" />
		<Unit filename="include/gadgets_interfaces/Liste.h" />
		<Unit filename="include/gadgets_interfaces/Support.h" />
		<Unit filename="include/gadgets_interfaces/composants/CmpBarreTitre.h" />
		<Unit filename="include/gadgets_interfaces/composants/CmpFond.h" />
		<Unit filename="include/gadgets_interfaces/composants/CmpGlissere.h" />
		<Unit filename="include/gadgets_interfaces/composants/CmpIcone.h" />
		<Unit filename="include/gadgets_interfaces/composants/CmpOmbre.h" />
		<Unit filename="include/gadgets_interfaces/composants/CmpTexte.h" />
		<Unit filename="include/gadgets_interfaces/composants/Composant.h" />
		<Unit filename="include/gadgets_outils/AffCurseurSouris.h" />
		<Unit filename="include/gadgets_outils/BtnMenu.h" />
		<Unit filename="include/gadgets_outils/CntSimple.h" />
		<Unit filename="include/gadgets_outils/CntSliders.h" />
		<Unit filename="include/gadgets_outils/SupBandeau.h" />
		<Unit filename="include/gadgets_outils/SupBandeauMenusDeroulants.h" />
		<Unit filename="include/gadgets_outils/SupPanneau.h" />
		<Unit filename="include/repartiteurs/Repartiteur.h" />
		<Unit filename="include/repartiteurs/RepartiteurGrille.h" />
		<Unit filename="include/repartiteurs/RepartiteurHorizontal.h" />
		<Unit filename="include/repartiteurs/RepartiteurLibre.h" />
		<Unit filename="include/repartiteurs/RepartiteurVerticale.h" />
		<Unit filename="src/ActionClavier.cpp" />
		<Unit filename="src/ActionEvenement.cpp" />
		<Unit filename="src/Composition.cpp" />
		<Unit filename="src/FabriqueBase.cpp" />
		<Unit filename="src/Filiation.cpp" />
		<Unit filename="src/Gadget.cpp" />
		<Unit filename="src/Geometrie.cpp" />
		<Unit filename="src/Interface.cpp" />
		<Unit filename="src/Log.cpp" />
		<Unit filename="src/Valeurs.cpp" />
		<Unit filename="src/gadgets/AffIcone.cpp" />
		<Unit filename="src/gadgets/AffImage.cpp" />
		<Unit filename="src/gadgets/AffLabel.cpp" />
		<Unit filename="src/gadgets/AffRectangle.cpp" />
		<Unit filename="src/gadgets/BtnBarreFonctions.cpp" />
		<Unit filename="src/gadgets/BtnIcone.cpp" />
		<Unit filename="src/gadgets/BtnRectangle.cpp" />
		<Unit filename="src/gadgets/BtnTexte.cpp" />
		<Unit filename="src/gadgets/DnCaseACocher.cpp" />
		<Unit filename="src/gadgets/DnGlissere.cpp" />
		<Unit filename="src/gadgets/DnZoneNum.cpp" />
		<Unit filename="src/gadgets/DnZoneTexte.cpp" />
		<Unit filename="src/gadgets/Fenetre.cpp" />
		<Unit filename="src/gadgets/LstDeroulante.cpp" />
		<Unit filename="src/gadgets/LstSimple.cpp" />
		<Unit filename="src/gadgets/decorations/FenDecoDrag.cpp" />
		<Unit filename="src/gadgets/decorations/FenDecoRedim.cpp" />
		<Unit filename="src/gadgets/decorations/FenDecoRedimPanneau.cpp" />
		<Unit filename="src/gadgets/decorations/FenDecoration.cpp" />
		<Unit filename="src/gadgets_interfaces/Affiche.cpp" />
		<Unit filename="src/gadgets_interfaces/Bouton.cpp" />
		<Unit filename="src/gadgets_interfaces/Calque.cpp" />
		<Unit filename="src/gadgets_interfaces/Contenant.cpp" />
		<Unit filename="src/gadgets_interfaces/Donnee.cpp" />
		<Unit filename="src/gadgets_interfaces/Groupe.cpp" />
		<Unit filename="src/gadgets_interfaces/Liste.cpp" />
		<Unit filename="src/gadgets_interfaces/Support.cpp" />
		<Unit filename="src/gadgets_interfaces/composants/CmpBarreTitre.cpp" />
		<Unit filename="src/gadgets_interfaces/composants/CmpFond.cpp" />
		<Unit filename="src/gadgets_interfaces/composants/CmpGlissere.cpp" />
		<Unit filename="src/gadgets_interfaces/composants/CmpIcone.cpp" />
		<Unit filename="src/gadgets_interfaces/composants/CmpOmbre.cpp" />
		<Unit filename="src/gadgets_interfaces/composants/CmpTexte.cpp" />
		<Unit filename="src/gadgets_interfaces/composants/Composant.cpp" />
		<Unit filename="src/gadgets_outils/AffCurseurSouris.cpp" />
		<Unit filename="src/gadgets_outils/BtnMenu.cpp" />
		<Unit filename="src/gadgets_outils/CntSimple.cpp" />
		<Unit filename="src/gadgets_outils/CntSliders.cpp" />
		<Unit filename="src/gadgets_outils/SupBandeau.cpp" />
		<Unit filename="src/gadgets_outils/SupBandeauMenusDeroulants.cpp" />
		<Unit filename="src/gadgets_outils/SupPanneau.cpp" />
		<Unit filename="src/repartiteurs/Repartiteur.cpp" />
		<Unit filename="src/repartiteurs/RepartiteurGrille.cpp" />
		<Unit filename="src/repartiteurs/RepartiteurHorizontal.cpp" />
		<Unit filename="src/repartiteurs/RepartiteurLibre.cpp" />
		<Unit filename="src/repartiteurs/RepartiteurVerticale.cpp" />
		<Extensions>
			<code_completion />
			<envvars />
			<debugger />
			<DoxyBlocks>
				<comment_style block="5" line="2" />
				<doxyfile_project />
				<doxyfile_build />
				<doxyfile_warnings />
				<doxyfile_output />
				<doxyfile_dot />
				<general />
			</DoxyBlocks>
		</Extensions>
	</Project>
</CodeBlocks_project_file>
